Microsoft Visual Studio Solution File, Format Version 11.00
# Visual Studio 2008

Project("{2F0F62DA-1E5E-6B77-6DD5-217D6E28112E}") = "Cube Warfare", "Assembly-CSharp-firstpass.csproj", "{B38772FF-1ECC-4C70-720F-5C512F0A0FF4}"
EndProject
Project("{2F0F62DA-1E5E-6B77-6DD5-217D6E28112E}") = "Cube Warfare", "Assembly-CSharp.csproj", "{F89DE8FC-25BE-4E20-D911-0F29A4AF356C}"
EndProject
Project("{2F0F62DA-1E5E-6B77-6DD5-217D6E28112E}") = "Cube Warfare", "Assembly-CSharp-Editor.csproj", "{213C5CBC-82F9-02AC-4FAC-9A144E50D22D}"
EndProject
Global
	GlobalSection(SolutionConfigurationPlatforms) = preSolution
		Debug|Any CPU = Debug|Any CPU
		Release|Any CPU = Release|Any CPU
	EndGlobalSection
	GlobalSection(ProjectConfigurationPlatforms) = postSolution
		{B38772FF-1ECC-4C70-720F-5C512F0A0FF4}.Debug|Any CPU.ActiveCfg = Debug|Any CPU
		{B38772FF-1ECC-4C70-720F-5C512F0A0FF4}.Debug|Any CPU.Build.0 = Debug|Any CPU
		{B38772FF-1ECC-4C70-720F-5C512F0A0FF4}.Release|Any CPU.ActiveCfg = Release|Any CPU
		{B38772FF-1ECC-4C70-720F-5C512F0A0FF4}.Release|Any CPU.Build.0 = Release|Any CPU
		{F89DE8FC-25BE-4E20-D911-0F29A4AF356C}.Debug|Any CPU.ActiveCfg = Debug|Any CPU
		{F89DE8FC-25BE-4E20-D911-0F29A4AF356C}.Debug|Any CPU.Build.0 = Debug|Any CPU
		{F89DE8FC-25BE-4E20-D911-0F29A4AF356C}.Release|Any CPU.ActiveCfg = Release|Any CPU
		{F89DE8FC-25BE-4E20-D911-0F29A4AF356C}.Release|Any CPU.Build.0 = Release|Any CPU
		{213C5CBC-82F9-02AC-4FAC-9A144E50D22D}.Debug|Any CPU.ActiveCfg = Debug|Any CPU
		{213C5CBC-82F9-02AC-4FAC-9A144E50D22D}.Debug|Any CPU.Build.0 = Debug|Any CPU
		{213C5CBC-82F9-02AC-4FAC-9A144E50D22D}.Release|Any CPU.ActiveCfg = Release|Any CPU
		{213C5CBC-82F9-02AC-4FAC-9A144E50D22D}.Release|Any CPU.Build.0 = Release|Any CPU
	EndGlobalSection
	GlobalSection(SolutionProperties) = preSolution
		HideSolutionNode = FALSE
	EndGlobalSection
																		GlobalSection(MonoDevelopProperties) = preSolution
		StartupItem = Assembly-CSharp.csproj
		Policies = $0
		$0.TextStylePolicy = $1
		$1.inheritsSet = null
		$1.scope = text/x-csharp
		$0.CSharpFormattingPolicy = $2
		$2.inheritsSet = Mono
		$2.inheritsScope = text/x-csharp
		$2.scope = text/x-csharp
		$0.TextStylePolicy = $3
		$3.FileWidth = 120
		$3.TabWidth = 4
		$3.IndentWidth = 4
		$3.EolMarker = Unix
		$3.inheritsSet = Mono
		$3.inheritsScope = text/plain
		$3.scope = text/plain
	EndGlobalSection

EndGlobal
